
Microsoft Visual Studio Solution File, Format Version 12.00
# Visual Studio Version 17
VisualStudioVersion = 17.5.002.0
MinimumVisualStudioVersion = 10.0.40219.1
Project("{9A19103F-16F7-4668-BE54-9A1E7A4F7556}") = "console", "console.csproj", "{BE2BE3A8-BB2F-418D-80D6-5D5DFE3DA3F6}"
EndProject
Global
	GlobalSection(SolutionConfigurationPlatforms) = preSolution
		Debug|Any CPU = Debug|Any CPU
		Release|Any CPU = Release|Any CPU
	EndGlobalSection
	GlobalSection(ProjectConfigurationPlatforms) = postSolution
		{BE2BE3A8-BB2F-418D-80D6-5D5DFE3DA3F6}.Debug|Any CPU.ActiveCfg = Debug|Any CPU
		{BE2BE3A8-BB2F-418D-80D6-5D5DFE3DA3F6}.Debug|Any CPU.Build.0 = Debug|Any CPU
		{BE2BE3A8-BB2F-418D-80D6-5D5DFE3DA3F6}.Release|Any CPU.ActiveCfg = Release|Any CPU
		{BE2BE3A8-BB2F-418D-80D6-5D5DFE3DA3F6}.Release|Any CPU.Build.0 = Release|Any CPU
	EndGlobalSection
	GlobalSection(SolutionProperties) = preSolution
		HideSolutionNode = FALSE
	EndGlobalSection
	GlobalSection(ExtensibilityGlobals) = postSolution
		SolutionGuid = {293C1D03-412E-4B7E-A530-24157ED0B95D}
	EndGlobalSection
EndGlobal
